
Microsoft Visual Studio Solution File, Format Version 12.00
# Visual Studio Version 16
VisualStudioVersion = 16.0.29020.237
MinimumVisualStudioVersion = 10.0.40219.1
Project("{9A19103F-16F7-4668-BE54-9A1E7A4F7556}") = "BookingManagement", "BookingManagement\BookingManagement.csproj", "{7DB0BCCD-55F6-4E14-9417-31C90BAD2C9D}"
EndProject
Global
	GlobalSection(SolutionConfigurationPlatforms) = preSolution
		Debug|Any CPU = Debug|Any CPU
		Release|Any CPU = Release|Any CPU
	EndGlobalSection
	GlobalSection(ProjectConfigurationPlatforms) = postSolution
		{7DB0BCCD-55F6-4E14-9417-31C90BAD2C9D}.Debug|Any CPU.ActiveCfg = Debug|Any CPU
		{7DB0BCCD-55F6-4E14-9417-31C90BAD2C9D}.Debug|Any CPU.Build.0 = Debug|Any CPU
		{7DB0BCCD-55F6-4E14-9417-31C90BAD2C9D}.Release|Any CPU.ActiveCfg = Release|Any CPU
		{7DB0BCCD-55F6-4E14-9417-31C90BAD2C9D}.Release|Any CPU.Build.0 = Release|Any CPU
	EndGlobalSection
	GlobalSection(SolutionProperties) = preSolution
		HideSolutionNode = FALSE
	EndGlobalSection
	GlobalSection(ExtensibilityGlobals) = postSolution
		SolutionGuid = {8668DCB0-6F2D-46F6-908A-A9F443CA74D4}
	EndGlobalSection
EndGlobal
